// !$*UTF8*$!
{
	archiveVersion = 1;
	classes = {
	};
	objectVersion = 56;
	objects = {

/* Begin PBXBuildFile section */
		465612962BAD576C00A51350 /* cadoptioApp.swift in Sources */ = {isa = PBXBuildFile; fileRef = 465612952BAD576C00A51350 /* cadoptioApp.swift */; };
		465612982BAD576C00A51350 /* PetAdoptionView.swift in Sources */ = {isa = PBXBuildFile; fileRef = 465612972BAD576C00A51350 /* PetAdoptionView.swift */; };
		4656129A2BAD576E00A51350 /* Assets.xcassets in Resources */ = {isa = PBXBuildFile; fileRef = 465612992BAD576E00A51350 /* Assets.xcassets */; };
		4656129D2BAD576E00A51350 /* Preview Assets.xcassets in Resources */ = {isa = PBXBuildFile; fileRef = 4656129C2BAD576E00A51350 /* Preview Assets.xcassets */; };
		469512A62BB124B90075B74A /* FilterView.swift in Sources */ = {isa = PBXBuildFile; fileRef = 469512A52BB124B90075B74A /* FilterView.swift */; };
		4E1B505D2BD1F08500D9C1D6 /* PetDetailView.swift in Sources */ = {isa = PBXBuildFile; fileRef = 4E1B505C2BD1F08500D9C1D6 /* PetDetailView.swift */; };
		4E1B505F2BD5D57900D9C1D6 /* Pet.swift in Sources */ = {isa = PBXBuildFile; fileRef = 4E1B505E2BD5D57900D9C1D6 /* Pet.swift */; };
		4E1B50652BD5D87200D9C1D6 /* CustomHeartShape.swift in Sources */ = {isa = PBXBuildFile; fileRef = 4E1B50642BD5D87200D9C1D6 /* CustomHeartShape.swift */; };
		4E1B50672BD5D8E700D9C1D6 /* BasicShapes.swift in Sources */ = {isa = PBXBuildFile; fileRef = 4E1B50662BD5D8E700D9C1D6 /* BasicShapes.swift */; };
		4E1B50692BD5D91700D9C1D6 /* SpinnerView.swift in Sources */ = {isa = PBXBuildFile; fileRef = 4E1B50682BD5D91700D9C1D6 /* SpinnerView.swift */; };
		4E1B506B2BD5DB5400D9C1D6 /* CircleAnimationView.swift in Sources */ = {isa = PBXBuildFile; fileRef = 4E1B506A2BD5DB5400D9C1D6 /* CircleAnimationView.swift */; };
		4E1B506D2BD5DF3100D9C1D6 /* PetCardView.swift in Sources */ = {isa = PBXBuildFile; fileRef = 4E1B506C2BD5DF3100D9C1D6 /* PetCardView.swift */; };
		7D0F81E92BD8FDC20041FC0B /* AddNewPetView.swift in Sources */ = {isa = PBXBuildFile; fileRef = 7D0F81E82BD8FDC20041FC0B /* AddNewPetView.swift */; };
/* End PBXBuildFile section */

/* Begin PBXFileReference section */
		465612922BAD576C00A51350 /* cadoptio.app */ = {isa = PBXFileReference; explicitFileType = wrapper.application; includeInIndex = 0; path = cadoptio.app; sourceTree = BUILT_PRODUCTS_DIR; };
		465612952BAD576C00A51350 /* cadoptioApp.swift */ = {isa = PBXFileReference; lastKnownFileType = sourcecode.swift; path = cadoptioApp.swift; sourceTree = "<group>"; };
		465612972BAD576C00A51350 /* PetAdoptionView.swift */ = {isa = PBXFileReference; lastKnownFileType = sourcecode.swift; path = PetAdoptionView.swift; sourceTree = "<group>"; };
		465612992BAD576E00A51350 /* Assets.xcassets */ = {isa = PBXFileReference; lastKnownFileType = folder.assetcatalog; path = Assets.xcassets; sourceTree = "<group>"; };
		4656129C2BAD576E00A51350 /* Preview Assets.xcassets */ = {isa = PBXFileReference; lastKnownFileType = folder.assetcatalog; path = "Preview Assets.xcassets"; sourceTree = "<group>"; };
		469512A52BB124B90075B74A /* FilterView.swift */ = {isa = PBXFileReference; lastKnownFileType = sourcecode.swift; path = FilterView.swift; sourceTree = "<group>"; };
		4E1B505C2BD1F08500D9C1D6 /* PetDetailView.swift */ = {isa = PBXFileReference; lastKnownFileType = sourcecode.swift; path = PetDetailView.swift; sourceTree = "<group>"; };
		4E1B505E2BD5D57900D9C1D6 /* Pet.swift */ = {isa = PBXFileReference; lastKnownFileType = sourcecode.swift; path = Pet.swift; sourceTree = "<group>"; };
		4E1B50642BD5D87200D9C1D6 /* CustomHeartShape.swift */ = {isa = PBXFileReference; lastKnownFileType = sourcecode.swift; path = CustomHeartShape.swift; sourceTree = "<group>"; };
		4E1B50662BD5D8E700D9C1D6 /* BasicShapes.swift */ = {isa = PBXFileReference; lastKnownFileType = sourcecode.swift; path = BasicShapes.swift; sourceTree = "<group>"; };
		4E1B50682BD5D91700D9C1D6 /* SpinnerView.swift */ = {isa = PBXFileReference; lastKnownFileType = sourcecode.swift; path = SpinnerView.swift; sourceTree = "<group>"; };
		4E1B506A2BD5DB5400D9C1D6 /* CircleAnimationView.swift */ = {isa = PBXFileReference; lastKnownFileType = sourcecode.swift; path = CircleAnimationView.swift; sourceTree = "<group>"; };
		4E1B506C2BD5DF3100D9C1D6 /* PetCardView.swift */ = {isa = PBXFileReference; lastKnownFileType = sourcecode.swift; path = PetCardView.swift; sourceTree = "<group>"; };
		7D0F81E82BD8FDC20041FC0B /* AddNewPetView.swift */ = {isa = PBXFileReference; lastKnownFileType = sourcecode.swift; path = AddNewPetView.swift; sourceTree = "<group>"; };
/* End PBXFileReference section */

/* Begin PBXFrameworksBuildPhase section */
		4656128F2BAD576C00A51350 /* Frameworks */ = {
			isa = PBXFrameworksBuildPhase;
			buildActionMask = 2147483647;
			files = (
			);
			runOnlyForDeploymentPostprocessing = 0;
		};
/* End PBXFrameworksBuildPhase section */

/* Begin PBXGroup section */
		465612892BAD576C00A51350 = {
			isa = PBXGroup;
			children = (
				465612942BAD576C00A51350 /* cadoptio */,
				465612932BAD576C00A51350 /* Products */,
			);
			sourceTree = "<group>";
		};
		465612932BAD576C00A51350 /* Products */ = {
			isa = PBXGroup;
			children = (
				465612922BAD576C00A51350 /* cadoptio.app */,
			);
			name = Products;
			sourceTree = "<group>";
		};
		465612942BAD576C00A51350 /* cadoptio */ = {
			isa = PBXGroup;
			children = (
				465612952BAD576C00A51350 /* cadoptioApp.swift */,
				4E1B50722BD5E02300D9C1D6 /* Model */,
				4E1B50732BD5E03C00D9C1D6 /* View */,
				4E1B506A2BD5DB5400D9C1D6 /* CircleAnimationView.swift */,
				4E1B50662BD5D8E700D9C1D6 /* BasicShapes.swift */,
				4E1B50642BD5D87200D9C1D6 /* CustomHeartShape.swift */,
				465612992BAD576E00A51350 /* Assets.xcassets */,
				4656129B2BAD576E00A51350 /* Preview Content */,
			);
			path = cadoptio;
			sourceTree = "<group>";
		};
		4656129B2BAD576E00A51350 /* Preview Content */ = {
			isa = PBXGroup;
			children = (
				4656129C2BAD576E00A51350 /* Preview Assets.xcassets */,
			);
			path = "Preview Content";
			sourceTree = "<group>";
		};
		4E1B50722BD5E02300D9C1D6 /* Model */ = {
			isa = PBXGroup;
			children = (
				4E1B505E2BD5D57900D9C1D6 /* Pet.swift */,
			);
			path = Model;
			sourceTree = "<group>";
		};
		4E1B50732BD5E03C00D9C1D6 /* View */ = {
			isa = PBXGroup;
			children = (
				4E1B50742BD5E05500D9C1D6 /* Presenter */,
				4E1B50752BD5E09200D9C1D6 /* Component */,
			);
			path = View;
			sourceTree = "<group>";
		};
		4E1B50742BD5E05500D9C1D6 /* Presenter */ = {
			isa = PBXGroup;
			children = (
				465612972BAD576C00A51350 /* PetAdoptionView.swift */,
				4E1B505C2BD1F08500D9C1D6 /* PetDetailView.swift */,
				469512A52BB124B90075B74A /* FilterView.swift */,
				7D0F81E82BD8FDC20041FC0B /* AddNewPetView.swift */,
			);
			path = Presenter;
			sourceTree = "<group>";
		};
		4E1B50752BD5E09200D9C1D6 /* Component */ = {
			isa = PBXGroup;
			children = (
				4E1B506C2BD5DF3100D9C1D6 /* PetCardView.swift */,
				4E1B50682BD5D91700D9C1D6 /* SpinnerView.swift */,
			);
			path = Component;
			sourceTree = "<group>";
		};
/* End PBXGroup section */

/* Begin PBXNativeTarget section */
		465612912BAD576C00A51350 /* cadoptio */ = {
			isa = PBXNativeTarget;
			buildConfigurationList = 465612A02BAD576E00A51350 /* Build configuration list for PBXNativeTarget "cadoptio" */;
			buildPhases = (
				4656128E2BAD576C00A51350 /* Sources */,
				4656128F2BAD576C00A51350 /* Frameworks */,
				465612902BAD576C00A51350 /* Resources */,
			);
			buildRules = (
			);
			dependencies = (
			);
			name = cadoptio;
			productName = cadoptio;
			productReference = 465612922BAD576C00A51350 /* cadoptio.app */;
			productType = "com.apple.product-type.application";
		};
/* End PBXNativeTarget section */

/* Begin PBXProject section */
		4656128A2BAD576C00A51350 /* Project object */ = {
			isa = PBXProject;
			attributes = {
				BuildIndependentTargetsInParallel = 1;
				LastSwiftUpdateCheck = 1530;
				LastUpgradeCheck = 1530;
				TargetAttributes = {
					465612912BAD576C00A51350 = {
						CreatedOnToolsVersion = 15.3;
					};
				};
			};
			buildConfigurationList = 4656128D2BAD576C00A51350 /* Build configuration list for PBXProject "cadoptio" */;
			compatibilityVersion = "Xcode 14.0";
			developmentRegion = en;
			hasScannedForEncodings = 0;
			knownRegions = (
				en,
				Base,
			);
			mainGroup = 465612892BAD576C00A51350;
			productRefGroup = 465612932BAD576C00A51350 /* Products */;
			projectDirPath = "";
			projectRoot = "";
			targets = (
				465612912BAD576C00A51350 /* cadoptio */,
			);
		};
/* End PBXProject section */

/* Begin PBXResourcesBuildPhase section */
		465612902BAD576C00A51350 /* Resources */ = {
			isa = PBXResourcesBuildPhase;
			buildActionMask = 2147483647;
			files = (
				4656129D2BAD576E00A51350 /* Preview Assets.xcassets in Resources */,
				4656129A2BAD576E00A51350 /* Assets.xcassets in Resources */,
			);
			runOnlyForDeploymentPostprocessing = 0;
		};
/* End PBXResourcesBuildPhase section */

/* Begin PBXSourcesBuildPhase section */
		4656128E2BAD576C00A51350 /* Sources */ = {
			isa = PBXSourcesBuildPhase;
			buildActionMask = 2147483647;
			files = (
				4E1B506D2BD5DF3100D9C1D6 /* PetCardView.swift in Sources */,
				465612982BAD576C00A51350 /* PetAdoptionView.swift in Sources */,
				4E1B506B2BD5DB5400D9C1D6 /* CircleAnimationView.swift in Sources */,
				4E1B505D2BD1F08500D9C1D6 /* PetDetailView.swift in Sources */,
				4E1B50672BD5D8E700D9C1D6 /* BasicShapes.swift in Sources */,
				469512A62BB124B90075B74A /* FilterView.swift in Sources */,
				7D0F81E92BD8FDC20041FC0B /* AddNewPetView.swift in Sources */,
				4E1B505F2BD5D57900D9C1D6 /* Pet.swift in Sources */,
				4E1B50652BD5D87200D9C1D6 /* CustomHeartShape.swift in Sources */,
				4E1B50692BD5D91700D9C1D6 /* SpinnerView.swift in Sources */,
				465612962BAD576C00A51350 /* cadoptioApp.swift in Sources */,
			);
			runOnlyForDeploymentPostprocessing = 0;
		};
/* End PBXSourcesBuildPhase section */

/* Begin XCBuildConfiguration section */
		4656129E2BAD576E00A51350 /* Debug */ = {
			isa = XCBuildConfiguration;
			buildSettings = {
				ALWAYS_SEARCH_USER_PATHS = NO;
				ASSETCATALOG_COMPILER_GENERATE_SWIFT_ASSET_SYMBOL_EXTENSIONS = YES;
				CLANG_ANALYZER_NONNULL = YES;
				CLANG_ANALYZER_NUMBER_OBJECT_CONVERSION = YES_AGGRESSIVE;
				CLANG_CXX_LANGUAGE_STANDARD = "gnu++20";
				CLANG_ENABLE_MODULES = YES;
				CLANG_ENABLE_OBJC_ARC = YES;
				CLANG_ENABLE_OBJC_WEAK = YES;
				CLANG_WARN_BLOCK_CAPTURE_AUTORELEASING = YES;
				CLANG_WARN_BOOL_CONVERSION = YES;
				CLANG_WARN_COMMA = YES;
				CLANG_WARN_CONSTANT_CONVERSION = YES;
				CLANG_WARN_DEPRECATED_OBJC_IMPLEMENTATIONS = YES;
				CLANG_WARN_DIRECT_OBJC_ISA_USAGE = YES_ERROR;
				CLANG_WARN_DOCUMENTATION_COMMENTS = YES;
				CLANG_WARN_EMPTY_BODY = YES;
				CLANG_WARN_ENUM_CONVERSION = YES;
				CLANG_WARN_INFINITE_RECURSION = YES;
				CLANG_WARN_INT_CONVERSION = YES;
				CLANG_WARN_NON_LITERAL_NULL_CONVERSION = YES;
				CLANG_WARN_OBJC_IMPLICIT_RETAIN_SELF = YES;
				CLANG_WARN_OBJC_LITERAL_CONVERSION = YES;
				CLANG_WARN_OBJC_ROOT_CLASS = YES_ERROR;
				CLANG_WARN_QUOTED_INCLUDE_IN_FRAMEWORK_HEADER = YES;
				CLANG_WARN_RANGE_LOOP_ANALYSIS = YES;
				CLANG_WARN_STRICT_PROTOTYPES = YES;
				CLANG_WARN_SUSPICIOUS_MOVE = YES;
				CLANG_WARN_UNGUARDED_AVAILABILITY = YES_AGGRESSIVE;
				CLANG_WARN_UNREACHABLE_CODE = YES;
				CLANG_WARN__DUPLICATE_METHOD_MATCH = YES;
				COPY_PHASE_STRIP = NO;
				DEBUG_INFORMATION_FORMAT = dwarf;
				ENABLE_STRICT_OBJC_MSGSEND = YES;
				ENABLE_TESTABILITY = YES;
				ENABLE_USER_SCRIPT_SANDBOXING = YES;
				GCC_C_LANGUAGE_STANDARD = gnu17;
				GCC_DYNAMIC_NO_PIC = NO;
				GCC_NO_COMMON_BLOCKS = YES;
				GCC_OPTIMIZATION_LEVEL = 0;
				GCC_PREPROCESSOR_DEFINITIONS = (
					"DEBUG=1",
					"$(inherited)",
				);
				GCC_WARN_64_TO_32_BIT_CONVERSION = YES;
				GCC_WARN_ABOUT_RETURN_TYPE = YES_ERROR;
				GCC_WARN_UNDECLARED_SELECTOR = YES;
				GCC_WARN_UNINITIALIZED_AUTOS = YES_AGGRESSIVE;
				GCC_WARN_UNUSED_FUNCTION = YES;
				GCC_WARN_UNUSED_VARIABLE = YES;
				IPHONEOS_DEPLOYMENT_TARGET = 17.4;
				LOCALIZATION_PREFERS_STRING_CATALOGS = YES;
				MTL_ENABLE_DEBUG_INFO = INCLUDE_SOURCE;
				MTL_FAST_MATH = YES;
				ONLY_ACTIVE_ARCH = YES;
				SDKROOT = iphoneos;
				SWIFT_ACTIVE_COMPILATION_CONDITIONS = "DEBUG $(inherited)";
				SWIFT_OPTIMIZATION_LEVEL = "-Onone";
			};
			name = Debug;
		};
		4656129F2BAD576E00A51350 /* Release */ = {
			isa = XCBuildConfiguration;
			buildSettings = {
				ALWAYS_SEARCH_USER_PATHS = NO;
				ASSETCATALOG_COMPILER_GENERATE_SWIFT_ASSET_SYMBOL_EXTENSIONS = YES;
				CLANG_ANALYZER_NONNULL = YES;
				CLANG_ANALYZER_NUMBER_OBJECT_CONVERSION = YES_AGGRESSIVE;
				CLANG_CXX_LANGUAGE_STANDARD = "gnu++20";
				CLANG_ENABLE_MODULES = YES;
				CLANG_ENABLE_OBJC_ARC = YES;
				CLANG_ENABLE_OBJC_WEAK = YES;
				CLANG_WARN_BLOCK_CAPTURE_AUTORELEASING = YES;
				CLANG_WARN_BOOL_CONVERSION = YES;
				CLANG_WARN_COMMA = YES;
				CLANG_WARN_CONSTANT_CONVERSION = YES;
				CLANG_WARN_DEPRECATED_OBJC_IMPLEMENTATIONS = YES;
				CLANG_WARN_DIRECT_OBJC_ISA_USAGE = YES_ERROR;
				CLANG_WARN_DOCUMENTATION_COMMENTS = YES;
				CLANG_WARN_EMPTY_BODY = YES;
				CLANG_WARN_ENUM_CONVERSION = YES;
				CLANG_WARN_INFINITE_RECURSION = YES;
				CLANG_WARN_INT_CONVERSION = YES;
				CLANG_WARN_NON_LITERAL_NULL_CONVERSION = YES;
				CLANG_WARN_OBJC_IMPLICIT_RETAIN_SELF = YES;
				CLANG_WARN_OBJC_LITERAL_CONVERSION = YES;
				CLANG_WARN_OBJC_ROOT_CLASS = YES_ERROR;
				CLANG_WARN_QUOTED_INCLUDE_IN_FRAMEWORK_HEADER = YES;
				CLANG_WARN_RANGE_LOOP_ANALYSIS = YES;
				CLANG_WARN_STRICT_PROTOTYPES = YES;
				CLANG_WARN_SUSPICIOUS_MOVE = YES;
				CLANG_WARN_UNGUARDED_AVAILABILITY = YES_AGGRESSIVE;
				CLANG_WARN_UNREACHABLE_CODE = YES;
				CLANG_WARN__DUPLICATE_METHOD_MATCH = YES;
				COPY_PHASE_STRIP = NO;
				DEBUG_INFORMATION_FORMAT = "dwarf-with-dsym";
				ENABLE_NS_ASSERTIONS = NO;
				ENABLE_STRICT_OBJC_MSGSEND = YES;
				ENABLE_USER_SCRIPT_SANDBOXING = YES;
				GCC_C_LANGUAGE_STANDARD = gnu17;
				GCC_NO_COMMON_BLOCKS = YES;
				GCC_WARN_64_TO_32_BIT_CONVERSION = YES;
				GCC_WARN_ABOUT_RETURN_TYPE = YES_ERROR;
				GCC_WARN_UNDECLARED_SELECTOR = YES;
				GCC_WARN_UNINITIALIZED_AUTOS = YES_AGGRESSIVE;
				GCC_WARN_UNUSED_FUNCTION = YES;
				GCC_WARN_UNUSED_VARIABLE = YES;
				IPHONEOS_DEPLOYMENT_TARGET = 17.4;
				LOCALIZATION_PREFERS_STRING_CATALOGS = YES;
				MTL_ENABLE_DEBUG_INFO = NO;
				MTL_FAST_MATH = YES;
				SDKROOT = iphoneos;
				SWIFT_COMPILATION_MODE = wholemodule;
				VALIDATE_PRODUCT = YES;
			};
			name = Release;
		};
		465612A12BAD576E00A51350 /* Debug */ = {
			isa = XCBuildConfiguration;
			buildSettings = {
				ASSETCATALOG_COMPILER_APPICON_NAME = AppIcon;
				ASSETCATALOG_COMPILER_GLOBAL_ACCENT_COLOR_NAME = AccentColor;
				CODE_SIGN_STYLE = Automatic;
				CURRENT_PROJECT_VERSION = 1;
				DEVELOPMENT_ASSET_PATHS = "\"cadoptio/Preview Content\"";
				DEVELOPMENT_TEAM = GD8VREVBA4;
				ENABLE_PREVIEWS = YES;
				GENERATE_INFOPLIST_FILE = YES;
				INFOPLIST_KEY_UIApplicationSceneManifest_Generation = YES;
				INFOPLIST_KEY_UIApplicationSupportsIndirectInputEvents = YES;
				INFOPLIST_KEY_UILaunchScreen_Generation = YES;
				INFOPLIST_KEY_UISupportedInterfaceOrientations_iPad = "UIInterfaceOrientationPortrait UIInterfaceOrientationPortraitUpsideDown UIInterfaceOrientationLandscapeLeft UIInterfaceOrientationLandscapeRight";
				INFOPLIST_KEY_UISupportedInterfaceOrientations_iPhone = "UIInterfaceOrientationPortrait UIInterfaceOrientationLandscapeLeft UIInterfaceOrientationLandscapeRight";
				LD_RUNPATH_SEARCH_PATHS = (
					"$(inherited)",
					"@executable_path/Frameworks",
				);
				MARKETING_VERSION = 1.0;
				PRODUCT_BUNDLE_IDENTIFIER = com.davidgun.cadoptio;
				PRODUCT_NAME = "$(TARGET_NAME)";
				SWIFT_EMIT_LOC_STRINGS = YES;
				SWIFT_VERSION = 5.0;
				TARGETED_DEVICE_FAMILY = "1,2";
			};
			name = Debug;
		};
		465612A22BAD576E00A51350 /* Release */ = {
			isa = XCBuildConfiguration;
			buildSettings = {
				ASSETCATALOG_COMPILER_APPICON_NAME = AppIcon;
				ASSETCATALOG_COMPILER_GLOBAL_ACCENT_COLOR_NAME = AccentColor;
				CODE_SIGN_STYLE = Automatic;
				CURRENT_PROJECT_VERSION = 1;
				DEVELOPMENT_ASSET_PATHS = "\"cadoptio/Preview Content\"";
				DEVELOPMENT_TEAM = GD8VREVBA4;
				ENABLE_PREVIEWS = YES;
				GENERATE_INFOPLIST_FILE = YES;
				INFOPLIST_KEY_UIApplicationSceneManifest_Generation = YES;
				INFOPLIST_KEY_UIApplicationSupportsIndirectInputEvents = YES;
				INFOPLIST_KEY_UILaunchScreen_Generation = YES;
				INFOPLIST_KEY_UISupportedInterfaceOrientations_iPad = "UIInterfaceOrientationPortrait UIInterfaceOrientationPortraitUpsideDown UIInterfaceOrientationLandscapeLeft UIInterfaceOrientationLandscapeRight";
				INFOPLIST_KEY_UISupportedInterfaceOrientations_iPhone = "UIInterfaceOrientationPortrait UIInterfaceOrientationLandscapeLeft UIInterfaceOrientationLandscapeRight";
				LD_RUNPATH_SEARCH_PATHS = (
					"$(inherited)",
					"@executable_path/Frameworks",
				);
				MARKETING_VERSION = 1.0;
				PRODUCT_BUNDLE_IDENTIFIER = com.davidgun.cadoptio;
				PRODUCT_NAME = "$(TARGET_NAME)";
				SWIFT_EMIT_LOC_STRINGS = YES;
				SWIFT_VERSION = 5.0;
				TARGETED_DEVICE_FAMILY = "1,2";
			};
			name = Release;
		};
/* End XCBuildConfiguration section */

/* Begin XCConfigurationList section */
		4656128D2BAD576C00A51350 /* Build configuration list for PBXProject "cadoptio" */ = {
			isa = XCConfigurationList;
			buildConfigurations = (
				4656129E2BAD576E00A51350 /* Debug */,
				4656129F2BAD576E00A51350 /* Release */,
			);
			defaultConfigurationIsVisible = 0;
			defaultConfigurationName = Release;
		};
		465612A02BAD576E00A51350 /* Build configuration list for PBXNativeTarget "cadoptio" */ = {
			isa = XCConfigurationList;
			buildConfigurations = (
				465612A12BAD576E00A51350 /* Debug */,
				465612A22BAD576E00A51350 /* Release */,
			);
			defaultConfigurationIsVisible = 0;
			defaultConfigurationName = Release;
		};
/* End XCConfigurationList section */
	};
	rootObject = 4656128A2BAD576C00A51350 /* Project object */;
}
